
Microsoft Visual Studio Solution File, Format Version 12.00
Project("{8BC9CEB8-8B4A-11D0-8D11-00A0C91BC942}") = "UnoGame", "UnoGame\UnoGame.vcxproj", "{0409BA42-C5F3-4E85-8DA5-92225F979449}"
EndProject
Global
	GlobalSection(SolutionConfigurationPlatforms) = preSolution
		Debug|Win32 = Debug|Win32
		Debug|x64 = Debug|x64
		Release|Win32 = Release|Win32
		Release|x64 = Release|x64
	EndGlobalSection
	GlobalSection(ProjectConfigurationPlatforms) = postSolution
		{0409BA42-C5F3-4E85-8DA5-92225F979449}.Debug|Win32.ActiveCfg = Debug|Win32
		{0409BA42-C5F3-4E85-8DA5-92225F979449}.Debug|Win32.Build.0 = Debug|Win32
		{0409BA42-C5F3-4E85-8DA5-92225F979449}.Debug|x64.ActiveCfg = Debug|x64
		{0409BA42-C5F3-4E85-8DA5-92225F979449}.Debug|x64.Build.0 = Debug|x64
		{0409BA42-C5F3-4E85-8DA5-92225F979449}.Release|Win32.ActiveCfg = Release|Win32
		{0409BA42-C5F3-4E85-8DA5-92225F979449}.Release|Win32.Build.0 = Release|Win32
		{0409BA42-C5F3-4E85-8DA5-92225F979449}.Release|x64.ActiveCfg = Release|x64
		{0409BA42-C5F3-4E85-8DA5-92225F979449}.Release|x64.Build.0 = Release|x64
	EndGlobalSection
EndGlobal
